{
	"name": "CloudLandBackend",
	"version": "0.0.1",
	"lockfileVersion": 1,
	"requires": true,
	"dependencies": {
		"accepts": {
			"version": "1.3.7",
			"resolved": "https://registry.npmjs.org/accepts/-/accepts-1.3.7.tgz",
			"integrity": "sha512-Il80Qs2WjYlJIBNzNkK6KYqlVMTbZLXgHx2oT0pU/fjRHyEp+PEfEPY0R3WCwAGVOtauxh1hOxNgIf5bv7dQpA==",
			"requires": {
				"mime-types": "~2.1.24",
				"negotiator": "0.6.2"
			}
		},
		"ajv": {
			"version": "4.11.8",
			"resolved": "https://registry.npmjs.org/ajv/-/ajv-4.11.8.tgz",
			"integrity": "sha1-gv+wKynmYq5TvcIK8VlHcGc5xTY=",
			"requires": {
				"co": "^4.6.0",
				"json-stable-stringify": "^1.0.1"
			}
		},
		"argparse": {
			"version": "1.0.10",
			"resolved": "https://registry.npmjs.org/argparse/-/argparse-1.0.10.tgz",
			"integrity": "sha512-o5Roy6tNG4SL/FOkCAN6RzjiakZS25RLYFrcMttJqbdd8BWrnA+fGz57iN5Pb06pvBGvl5gQ0B48dJlslXvoTg==",
			"requires": {
				"sprintf-js": "~1.0.2"
			}
		},
		"array-flatten": {
			"version": "1.1.1",
			"resolved": "https://registry.npmjs.org/array-flatten/-/array-flatten-1.1.1.tgz",
			"integrity": "sha1-ml9pkFGx5wczKPKgCJaLZOopVdI="
		},
		"asn1": {
			"version": "0.2.4",
			"resolved": "https://registry.npmjs.org/asn1/-/asn1-0.2.4.tgz",
			"integrity": "sha512-jxwzQpLQjSmWXgwaCZE9Nz+glAG01yF1QnWgbhGwHI5A6FRIEY6IVqtHhIepHqI7/kyEyQEagBC5mBEFlIYvdg==",
			"requires": {
				"safer-buffer": "~2.1.0"
			}
		},
		"assert-plus": {
			"version": "0.2.0",
			"resolved": "https://registry.npmjs.org/assert-plus/-/assert-plus-0.2.0.tgz",
			"integrity": "sha1-104bh+ev/A24qttwIfP+SBAasjQ="
		},
		"asynckit": {
			"version": "0.4.0",
			"resolved": "https://registry.npmjs.org/asynckit/-/asynckit-0.4.0.tgz",
			"integrity": "sha1-x57Zf380y48robyXkLzDZkdLS3k="
		},
		"aws-sign2": {
			"version": "0.6.0",
			"resolved": "https://registry.npmjs.org/aws-sign2/-/aws-sign2-0.6.0.tgz",
			"integrity": "sha1-FDQt0428yU0OW4fXY81jYSwOeU8="
		},
		"aws4": {
			"version": "1.9.1",
			"resolved": "https://registry.npmjs.org/aws4/-/aws4-1.9.1.tgz",
			"integrity": "sha512-wMHVg2EOHaMRxbzgFJ9gtjOOCrI80OHLG14rxi28XwOW8ux6IiEbRCGGGqCtdAIg4FQCbW20k9RsT4y3gJlFug=="
		},
		"base64url": {
			"version": "1.0.6",
			"resolved": "https://registry.npmjs.org/base64url/-/base64url-1.0.6.tgz",
			"integrity": "sha1-1k03XWinxkDZEuI1jRcNylu1RoE=",
			"requires": {
				"concat-stream": "~1.4.7",
				"meow": "~2.0.0"
			}
		},
		"bcrypt-pbkdf": {
			"version": "1.0.2",
			"resolved": "https://registry.npmjs.org/bcrypt-pbkdf/-/bcrypt-pbkdf-1.0.2.tgz",
			"integrity": "sha1-pDAdOJtqQ/m2f/PKEaP2Y342Dp4=",
			"requires": {
				"tweetnacl": "^0.14.3"
			}
		},
		"bluemix-appid": {
			"version": "3.0.6",
			"resolved": "https://registry.npmjs.org/bluemix-appid/-/bluemix-appid-3.0.6.tgz",
			"integrity": "sha1-CVgbRFvkudEdIaNJiivpHCN0JcQ=",
			"requires": {
				"body-parser": "^1.17.2",
				"connect-flash": "^0.1.1",
				"cookie-parser": "^1.4.3",
				"ejs": "^2.5.6",
				"helmet": "^3.11.0",
				"jsonwebtoken": "^7.2.1",
				"log4js": "^1.1.0",
				"q": "^1.4.1",
				"request": "2.81.0",
				"rsa-pem-from-mod-exp": "^0.8.4",
				"underscore": "^1.8.3"
			}
		},
		"body-parser": {
			"version": "1.19.0",
			"resolved": "https://registry.npmjs.org/body-parser/-/body-parser-1.19.0.tgz",
			"integrity": "sha512-dhEPs72UPbDnAQJ9ZKMNTP6ptJaionhP5cBb541nXPlW60Jepo9RV/a4fX4XWW9CuFNK22krhrj1+rgzifNCsw==",
			"requires": {
				"bytes": "3.1.0",
				"content-type": "~1.0.4",
				"debug": "2.6.9",
				"depd": "~1.1.2",
				"http-errors": "1.7.2",
				"iconv-lite": "0.4.24",
				"on-finished": "~2.3.0",
				"qs": "6.7.0",
				"raw-body": "2.4.0",
				"type-is": "~1.6.17"
			}
		},
		"boom": {
			"version": "2.10.1",
			"resolved": "https://registry.npmjs.org/boom/-/boom-2.10.1.tgz",
			"integrity": "sha1-OciRjO/1eZ+D+UkqhI9iWt0Mdm8=",
			"requires": {
				"hoek": "2.x.x"
			}
		},
		"bowser": {
			"version": "2.9.0",
			"resolved": "https://registry.npmjs.org/bowser/-/bowser-2.9.0.tgz",
			"integrity": "sha512-2ld76tuLBNFekRgmJfT2+3j5MIrP6bFict8WAIT3beq+srz1gcKNAdNKMqHqauQt63NmAa88HfP1/Ypa9Er3HA=="
		},
		"buffer-equal-constant-time": {
			"version": "1.0.1",
			"resolved": "https://registry.npmjs.org/buffer-equal-constant-time/-/buffer-equal-constant-time-1.0.1.tgz",
			"integrity": "sha1-+OcRMvf/5uAaXJaXpMbz5I1cyBk="
		},
		"bytes": {
			"version": "3.1.0",
			"resolved": "https://registry.npmjs.org/bytes/-/bytes-3.1.0.tgz",
			"integrity": "sha512-zauLjrfCG+xvoyaqLoV8bLVXXNGC4JqlxFCutSDWA6fJrTo2ZuvLYTqZ7aHBLZSMOopbzwv8f+wZcVzfVTI2Dg=="
		},
		"camelcase": {
			"version": "1.2.1",
			"resolved": "https://registry.npmjs.org/camelcase/-/camelcase-1.2.1.tgz",
			"integrity": "sha1-m7UwTS4LVmmLLHWLCKPqqdqlijk="
		},
		"camelcase-keys": {
			"version": "1.0.0",
			"resolved": "https://registry.npmjs.org/camelcase-keys/-/camelcase-keys-1.0.0.tgz",
			"integrity": "sha1-vRoRv5sxoc5JNJOpMN4aC69K1+w=",
			"requires": {
				"camelcase": "^1.0.1",
				"map-obj": "^1.0.0"
			}
		},
		"camelize": {
			"version": "1.0.0",
			"resolved": "https://registry.npmjs.org/camelize/-/camelize-1.0.0.tgz",
			"integrity": "sha1-FkpUg+Yw+kMh5a8HAg5TGDGyYJs="
		},
		"caseless": {
			"version": "0.12.0",
			"resolved": "https://registry.npmjs.org/caseless/-/caseless-0.12.0.tgz",
			"integrity": "sha1-G2gcIf+EAzyCZUMJBolCDRhxUdw="
		},
		"cfenv": {
			"version": "1.0.4",
			"resolved": "https://registry.npmjs.org/cfenv/-/cfenv-1.0.4.tgz",
			"integrity": "sha1-uXoe694lXs7YNnoPSvvC+FQ44LQ=",
			"requires": {
				"js-yaml": "3.7.x",
				"ports": "1.1.x",
				"underscore": "1.8.x"
			},
			"dependencies": {
				"underscore": {
					"version": "1.8.3",
					"resolved": "https://registry.npmjs.org/underscore/-/underscore-1.8.3.tgz",
					"integrity": "sha1-Tz+1OxBuYJf8+ctBCfKl6b36UCI="
				}
			}
		},
		"co": {
			"version": "4.6.0",
			"resolved": "https://registry.npmjs.org/co/-/co-4.6.0.tgz",
			"integrity": "sha1-bqa989hTrlTMuOR7+gvz+QMfsYQ="
		},
		"combined-stream": {
			"version": "1.0.8",
			"resolved": "https://registry.npmjs.org/combined-stream/-/combined-stream-1.0.8.tgz",
			"integrity": "sha512-FQN4MRfuJeHf7cBbBMJFXhKSDq+2kAArBlmRBvcvFE5BB1HZKXtSFASDhdlz9zOYwxh8lDdnvmMOe/+5cdoEdg==",
			"requires": {
				"delayed-stream": "~1.0.0"
			}
		},
		"concat-stream": {
			"version": "1.4.11",
			"resolved": "https://registry.npmjs.org/concat-stream/-/concat-stream-1.4.11.tgz",
			"integrity": "sha512-X3JMh8+4je3U1cQpG87+f9lXHDrqcb2MVLg9L7o8b1UZ0DzhRrUpdn65ttzu10PpJPPI3MQNkis+oha6TSA9Mw==",
			"requires": {
				"inherits": "~2.0.1",
				"readable-stream": "~1.1.9",
				"typedarray": "~0.0.5"
			}
		},
		"connect-flash": {
			"version": "0.1.1",
			"resolved": "https://registry.npmjs.org/connect-flash/-/connect-flash-0.1.1.tgz",
			"integrity": "sha1-2GMPJtlaf4UfmVax6MxnMvO2qjA="
		},
		"content-disposition": {
			"version": "0.5.2",
			"resolved": "https://registry.npmjs.org/content-disposition/-/content-disposition-0.5.2.tgz",
			"integrity": "sha1-DPaLud318r55YcOoUXjLhdunjLQ="
		},
		"content-security-policy-builder": {
			"version": "2.1.0",
			"resolved": "https://registry.npmjs.org/content-security-policy-builder/-/content-security-policy-builder-2.1.0.tgz",
			"integrity": "sha512-/MtLWhJVvJNkA9dVLAp6fg9LxD2gfI6R2Fi1hPmfjYXSahJJzcfvoeDOxSyp4NvxMuwWv3WMssE9o31DoULHrQ=="
		},
		"content-type": {
			"version": "1.0.4",
			"resolved": "https://registry.npmjs.org/content-type/-/content-type-1.0.4.tgz",
			"integrity": "sha512-hIP3EEPs8tB9AT1L+NUqtwOAps4mk2Zob89MWXMHjHWg9milF/j4osnnQLXBCBFBk/tvIG/tUc9mOUJiPBhPXA=="
		},
		"cookie": {
			"version": "0.4.0",
			"resolved": "https://registry.npmjs.org/cookie/-/cookie-0.4.0.tgz",
			"integrity": "sha512-+Hp8fLp57wnUSt0tY0tHEXh4voZRDnoIrZPqlo3DPiI4y9lwg/jqx+1Om94/W6ZaPDOUbnjOt/99w66zk+l1Xg=="
		},
		"cookie-parser": {
			"version": "1.4.5",
			"resolved": "https://registry.npmjs.org/cookie-parser/-/cookie-parser-1.4.5.tgz",
			"integrity": "sha512-f13bPUj/gG/5mDr+xLmSxxDsB9DQiTIfhJS/sqjrmfAWiAN+x2O4i/XguTL9yDZ+/IFDanJ+5x7hC4CXT9Tdzw==",
			"requires": {
				"cookie": "0.4.0",
				"cookie-signature": "1.0.6"
			}
		},
		"cookie-signature": {
			"version": "1.0.6",
			"resolved": "https://registry.npmjs.org/cookie-signature/-/cookie-signature-1.0.6.tgz",
			"integrity": "sha1-4wOogrNCzD7oylE6eZmXNNqzriw="
		},
		"core-util-is": {
			"version": "1.0.2",
			"resolved": "https://registry.npmjs.org/core-util-is/-/core-util-is-1.0.2.tgz",
			"integrity": "sha1-tf1UIgqivFq1eqtxQMlAdUUDwac="
		},
		"cryptiles": {
			"version": "2.0.5",
			"resolved": "https://registry.npmjs.org/cryptiles/-/cryptiles-2.0.5.tgz",
			"integrity": "sha1-O9/s3GCBR8HGcgL6KR59ylnqo7g=",
			"requires": {
				"boom": "2.x.x"
			}
		},
		"dashdash": {
			"version": "1.14.1",
			"resolved": "https://registry.npmjs.org/dashdash/-/dashdash-1.14.1.tgz",
			"integrity": "sha1-hTz6D3y+L+1d4gMmuN1YEDX24vA=",
			"requires": {
				"assert-plus": "^1.0.0"
			},
			"dependencies": {
				"assert-plus": {
					"version": "1.0.0",
					"resolved": "https://registry.npmjs.org/assert-plus/-/assert-plus-1.0.0.tgz",
					"integrity": "sha1-8S4PPF13sLHN2RRpQuTpbB5N1SU="
				}
			}
		},
		"dasherize": {
			"version": "2.0.0",
			"resolved": "https://registry.npmjs.org/dasherize/-/dasherize-2.0.0.tgz",
			"integrity": "sha1-bYCcnNDPe7iVLYD8hPoT1H3bEwg="
		},
		"date-format": {
			"version": "0.0.0",
			"resolved": "https://registry.npmjs.org/date-format/-/date-format-0.0.0.tgz",
			"integrity": "sha1-CSBoY6sHDrRZrOpVQsvYVrEZZrM="
		},
		"debug": {
			"version": "2.6.9",
			"resolved": "https://registry.npmjs.org/debug/-/debug-2.6.9.tgz",
			"integrity": "sha512-bC7ElrdJaJnPbAP+1EotYvqZsb3ecl5wi6Bfi6BJTUcNowp6cvspg0jXznRTKDjm/E7AdgFBVeAPVMNcKGsHMA==",
			"requires": {
				"ms": "2.0.0"
			}
		},
		"delayed-stream": {
			"version": "1.0.0",
			"resolved": "https://registry.npmjs.org/delayed-stream/-/delayed-stream-1.0.0.tgz",
			"integrity": "sha1-3zrhmayt+31ECqrgsp4icrJOxhk="
		},
		"depd": {
			"version": "1.1.2",
			"resolved": "https://registry.npmjs.org/depd/-/depd-1.1.2.tgz",
			"integrity": "sha1-m81S4UwJd2PnSbJ0xDRu0uVgtak="
		},
		"destroy": {
			"version": "1.0.4",
			"resolved": "https://registry.npmjs.org/destroy/-/destroy-1.0.4.tgz",
			"integrity": "sha1-l4hXRCxEdJ5CBmE+N5RiBYJqvYA="
		},
		"dns-prefetch-control": {
			"version": "0.2.0",
			"resolved": "https://registry.npmjs.org/dns-prefetch-control/-/dns-prefetch-control-0.2.0.tgz",
			"integrity": "sha512-hvSnros73+qyZXhHFjx2CMLwoj3Fe7eR9EJsFsqmcI1bB2OBWL/+0YzaEaKssCHnj/6crawNnUyw74Gm2EKe+Q=="
		},
		"dont-sniff-mimetype": {
			"version": "1.1.0",
			"resolved": "https://registry.npmjs.org/dont-sniff-mimetype/-/dont-sniff-mimetype-1.1.0.tgz",
			"integrity": "sha512-ZjI4zqTaxveH2/tTlzS1wFp+7ncxNZaIEWYg3lzZRHkKf5zPT/MnEG6WL0BhHMJUabkh8GeU5NL5j+rEUCb7Ug=="
		},
		"ecc-jsbn": {
			"version": "0.1.2",
			"resolved": "https://registry.npmjs.org/ecc-jsbn/-/ecc-jsbn-0.1.2.tgz",
			"integrity": "sha1-OoOpBOVDUyh4dMVkt1SThoSamMk=",
			"requires": {
				"jsbn": "~0.1.0",
				"safer-buffer": "^2.1.0"
			}
		},
		"ecdsa-sig-formatter": {
			"version": "1.0.11",
			"resolved": "https://registry.npmjs.org/ecdsa-sig-formatter/-/ecdsa-sig-formatter-1.0.11.tgz",
			"integrity": "sha512-nagl3RYrbNv6kQkeJIpt6NJZy8twLB/2vtz6yN9Z4vRKHN4/QZJIEbqohALSgwKdnksuY3k5Addp5lg8sVoVcQ==",
			"requires": {
				"safe-buffer": "^5.0.1"
			}
		},
		"ee-first": {
			"version": "1.1.1",
			"resolved": "https://registry.npmjs.org/ee-first/-/ee-first-1.1.1.tgz",
			"integrity": "sha1-WQxhFWsK4vTwJVcyoViyZrxWsh0="
		},
		"ejs": {
			"version": "2.7.4",
			"resolved": "https://registry.npmjs.org/ejs/-/ejs-2.7.4.tgz",
			"integrity": "sha512-7vmuyh5+kuUyJKePhQfRQBhXV5Ce+RnaeeQArKu1EAMpL3WbgMt5WG6uQZpEVvYSSsxMXRKOewtDk9RaTKXRlA=="
		},
		"encodeurl": {
			"version": "1.0.2",
			"resolved": "https://registry.npmjs.org/encodeurl/-/encodeurl-1.0.2.tgz",
			"integrity": "sha1-rT/0yG7C0CkyL1oCw6mmBslbP1k="
		},
		"escape-html": {
			"version": "1.0.3",
			"resolved": "https://registry.npmjs.org/escape-html/-/escape-html-1.0.3.tgz",
			"integrity": "sha1-Aljq5NPQwJdN4cFpGI7wBR0dGYg="
		},
		"esprima": {
			"version": "2.7.3",
			"resolved": "https://registry.npmjs.org/esprima/-/esprima-2.7.3.tgz",
			"integrity": "sha1-luO3DVd59q1JzQMmc9HDEnZ7pYE="
		},
		"etag": {
			"version": "1.8.1",
			"resolved": "https://registry.npmjs.org/etag/-/etag-1.8.1.tgz",
			"integrity": "sha1-Qa4u62XvpiJorr/qg6x9eSmbCIc="
		},
		"expect-ct": {
			"version": "0.2.0",
			"resolved": "https://registry.npmjs.org/expect-ct/-/expect-ct-0.2.0.tgz",
			"integrity": "sha512-6SK3MG/Bbhm8MsgyJAylg+ucIOU71/FzyFalcfu5nY19dH8y/z0tBJU0wrNBXD4B27EoQtqPF/9wqH0iYAd04g=="
		},
		"express": {
			"version": "4.15.5",
			"resolved": "https://registry.npmjs.org/express/-/express-4.15.5.tgz",
			"integrity": "sha1-ZwI1ypWYiQpa6BcLg9tyK4Qu2Sc=",
			"requires": {
				"accepts": "~1.3.3",
				"array-flatten": "1.1.1",
				"content-disposition": "0.5.2",
				"content-type": "~1.0.2",
				"cookie": "0.3.1",
				"cookie-signature": "1.0.6",
				"debug": "2.6.9",
				"depd": "~1.1.1",
				"encodeurl": "~1.0.1",
				"escape-html": "~1.0.3",
				"etag": "~1.8.0",
				"finalhandler": "~1.0.6",
				"fresh": "0.5.2",
				"merge-descriptors": "1.0.1",
				"methods": "~1.1.2",
				"on-finished": "~2.3.0",
				"parseurl": "~1.3.1",
				"path-to-regexp": "0.1.7",
				"proxy-addr": "~1.1.5",
				"qs": "6.5.0",
				"range-parser": "~1.2.0",
				"send": "0.15.6",
				"serve-static": "1.12.6",
				"setprototypeof": "1.0.3",
				"statuses": "~1.3.1",
				"type-is": "~1.6.15",
				"utils-merge": "1.0.0",
				"vary": "~1.1.1"
			},
			"dependencies": {
				"cookie": {
					"version": "0.3.1",
					"resolved": "https://registry.npmjs.org/cookie/-/cookie-0.3.1.tgz",
					"integrity": "sha1-5+Ch+e9DtMi6klxcWpboBtFoc7s="
				},
				"qs": {
					"version": "6.5.0",
					"resolved": "https://registry.npmjs.org/qs/-/qs-6.5.0.tgz",
					"integrity": "sha512-fjVFjW9yhqMhVGwRExCXLhJKrLlkYSaxNWdyc9rmHlrVZbk35YHH312dFd7191uQeXkI3mKLZTIbSvIeFwFemg=="
				},
				"setprototypeof": {
					"version": "1.0.3",
					"resolved": "https://registry.npmjs.org/setprototypeof/-/setprototypeof-1.0.3.tgz",
					"integrity": "sha1-ZlZ+NwQ+608E2RvWWMDL77VbjgQ="
				},
				"statuses": {
					"version": "1.3.1",
					"resolved": "https://registry.npmjs.org/statuses/-/statuses-1.3.1.tgz",
					"integrity": "sha1-+vUbnrdKrvOzrPStX2Gr8ky3uT4="
				}
			}
		},
		"express-session": {
			"version": "1.17.1",
			"resolved": "https://registry.npmjs.org/express-session/-/express-session-1.17.1.tgz",
			"integrity": "sha512-UbHwgqjxQZJiWRTMyhvWGvjBQduGCSBDhhZXYenziMFjxst5rMV+aJZ6hKPHZnPyHGsrqRICxtX8jtEbm/z36Q==",
			"requires": {
				"cookie": "0.4.0",
				"cookie-signature": "1.0.6",
				"debug": "2.6.9",
				"depd": "~2.0.0",
				"on-headers": "~1.0.2",
				"parseurl": "~1.3.3",
				"safe-buffer": "5.2.0",
				"uid-safe": "~2.1.5"
			},
			"dependencies": {
				"depd": {
					"version": "2.0.0",
					"resolved": "https://registry.npmjs.org/depd/-/depd-2.0.0.tgz",
					"integrity": "sha512-g7nH6P6dyDioJogAAGprGpCtVImJhpPk/roCzdb3fIh61/s/nPsfR6onyMwkCAR/OlC3yBC0lESvUoQEAssIrw=="
				}
			}
		},
		"extend": {
			"version": "3.0.2",
			"resolved": "https://registry.npmjs.org/extend/-/extend-3.0.2.tgz",
			"integrity": "sha512-fjquC59cD7CyW6urNXK0FBufkZcoiGG80wTuPujX590cB5Ttln20E2UB4S/WARVqhXffZl2LNgS+gQdPIIim/g=="
		},
		"extsprintf": {
			"version": "1.3.0",
			"resolved": "https://registry.npmjs.org/extsprintf/-/extsprintf-1.3.0.tgz",
			"integrity": "sha1-lpGEQOMEGnpBT4xS48V06zw+HgU="
		},
		"feature-policy": {
			"version": "0.3.0",
			"resolved": "https://registry.npmjs.org/feature-policy/-/feature-policy-0.3.0.tgz",
			"integrity": "sha512-ZtijOTFN7TzCujt1fnNhfWPFPSHeZkesff9AXZj+UEjYBynWNUIYpC87Ve4wHzyexQsImicLu7WsC2LHq7/xrQ=="
		},
		"finalhandler": {
			"version": "1.0.6",
			"resolved": "https://registry.npmjs.org/finalhandler/-/finalhandler-1.0.6.tgz",
			"integrity": "sha1-AHrqM9Gk0+QgF/YkhIrVjSEvgU8=",
			"requires": {
				"debug": "2.6.9",
				"encodeurl": "~1.0.1",
				"escape-html": "~1.0.3",
				"on-finished": "~2.3.0",
				"parseurl": "~1.3.2",
				"statuses": "~1.3.1",
				"unpipe": "~1.0.0"
			},
			"dependencies": {
				"statuses": {
					"version": "1.3.1",
					"resolved": "https://registry.npmjs.org/statuses/-/statuses-1.3.1.tgz",
					"integrity": "sha1-+vUbnrdKrvOzrPStX2Gr8ky3uT4="
				}
			}
		},
		"forever-agent": {
			"version": "0.6.1",
			"resolved": "https://registry.npmjs.org/forever-agent/-/forever-agent-0.6.1.tgz",
			"integrity": "sha1-+8cfDEGt6zf5bFd60e1C2P2sypE="
		},
		"form-data": {
			"version": "2.1.4",
			"resolved": "https://registry.npmjs.org/form-data/-/form-data-2.1.4.tgz",
			"integrity": "sha1-M8GDrPGTJ27KqYFDpp6Uv+4XUNE=",
			"requires": {
				"asynckit": "^0.4.0",
				"combined-stream": "^1.0.5",
				"mime-types": "^2.1.12"
			}
		},
		"forwarded": {
			"version": "0.1.2",
			"resolved": "https://registry.npmjs.org/forwarded/-/forwarded-0.1.2.tgz",
			"integrity": "sha1-mMI9qxF1ZXuMBXPozszZGw/xjIQ="
		},
		"frameguard": {
			"version": "3.1.0",
			"resolved": "https://registry.npmjs.org/frameguard/-/frameguard-3.1.0.tgz",
			"integrity": "sha512-TxgSKM+7LTA6sidjOiSZK9wxY0ffMPY3Wta//MqwmX0nZuEHc8QrkV8Fh3ZhMJeiH+Uyh/tcaarImRy8u77O7g=="
		},
		"fresh": {
			"version": "0.5.2",
			"resolved": "https://registry.npmjs.org/fresh/-/fresh-0.5.2.tgz",
			"integrity": "sha1-PYyt2Q2XZWn6g1qx+OSyOhBWBac="
		},
		"get-stdin": {
			"version": "4.0.1",
			"resolved": "https://registry.npmjs.org/get-stdin/-/get-stdin-4.0.1.tgz",
			"integrity": "sha1-uWjGsKBDhDJJAui/Gl3zJXmkUP4="
		},
		"getpass": {
			"version": "0.1.7",
			"resolved": "https://registry.npmjs.org/getpass/-/getpass-0.1.7.tgz",
			"integrity": "sha1-Xv+OPmhNVprkyysSgmBOi6YhSfo=",
			"requires": {
				"assert-plus": "^1.0.0"
			},
			"dependencies": {
				"assert-plus": {
					"version": "1.0.0",
					"resolved": "https://registry.npmjs.org/assert-plus/-/assert-plus-1.0.0.tgz",
					"integrity": "sha1-8S4PPF13sLHN2RRpQuTpbB5N1SU="
				}
			}
		},
		"har-schema": {
			"version": "1.0.5",
			"resolved": "https://registry.npmjs.org/har-schema/-/har-schema-1.0.5.tgz",
			"integrity": "sha1-0mMTX0MwfALGAq/I/pWXDAFRNp4="
		},
		"har-validator": {
			"version": "4.2.1",
			"resolved": "https://registry.npmjs.org/har-validator/-/har-validator-4.2.1.tgz",
			"integrity": "sha1-M0gdDxu/9gDdID11gSpqX7oALio=",
			"requires": {
				"ajv": "^4.9.1",
				"har-schema": "^1.0.5"
			}
		},
		"hawk": {
			"version": "3.1.3",
			"resolved": "https://registry.npmjs.org/hawk/-/hawk-3.1.3.tgz",
			"integrity": "sha1-B4REvXwWQLD+VA0sm3PVlnjo4cQ=",
			"requires": {
				"boom": "2.x.x",
				"cryptiles": "2.x.x",
				"hoek": "2.x.x",
				"sntp": "1.x.x"
			}
		},
		"helmet": {
			"version": "3.22.0",
			"resolved": "https://registry.npmjs.org/helmet/-/helmet-3.22.0.tgz",
			"integrity": "sha512-Xrqicn2nm1ZIUxP3YGuTBmbDL04neKsIT583Sjh0FkiwKDXYCMUqGqC88w3NUvVXtA75JyR2Jn6jw6ZEMOD+ZA==",
			"requires": {
				"depd": "2.0.0",
				"dns-prefetch-control": "0.2.0",
				"dont-sniff-mimetype": "1.1.0",
				"expect-ct": "0.2.0",
				"feature-policy": "0.3.0",
				"frameguard": "3.1.0",
				"helmet-crossdomain": "0.4.0",
				"helmet-csp": "2.10.0",
				"hide-powered-by": "1.1.0",
				"hpkp": "2.0.0",
				"hsts": "2.2.0",
				"ienoopen": "1.1.0",
				"nocache": "2.1.0",
				"referrer-policy": "1.2.0",
				"x-xss-protection": "1.3.0"
			},
			"dependencies": {
				"depd": {
					"version": "2.0.0",
					"resolved": "https://registry.npmjs.org/depd/-/depd-2.0.0.tgz",
					"integrity": "sha512-g7nH6P6dyDioJogAAGprGpCtVImJhpPk/roCzdb3fIh61/s/nPsfR6onyMwkCAR/OlC3yBC0lESvUoQEAssIrw=="
				}
			}
		},
		"helmet-crossdomain": {
			"version": "0.4.0",
			"resolved": "https://registry.npmjs.org/helmet-crossdomain/-/helmet-crossdomain-0.4.0.tgz",
			"integrity": "sha512-AB4DTykRw3HCOxovD1nPR16hllrVImeFp5VBV9/twj66lJ2nU75DP8FPL0/Jp4jj79JhTfG+pFI2MD02kWJ+fA=="
		},
		"helmet-csp": {
			"version": "2.10.0",
			"resolved": "https://registry.npmjs.org/helmet-csp/-/helmet-csp-2.10.0.tgz",
			"integrity": "sha512-Rz953ZNEFk8sT2XvewXkYN0Ho4GEZdjAZy4stjiEQV3eN7GDxg1QKmYggH7otDyIA7uGA6XnUMVSgeJwbR5X+w==",
			"requires": {
				"bowser": "2.9.0",
				"camelize": "1.0.0",
				"content-security-policy-builder": "2.1.0",
				"dasherize": "2.0.0"
			}
		},
		"hide-powered-by": {
			"version": "1.1.0",
			"resolved": "https://registry.npmjs.org/hide-powered-by/-/hide-powered-by-1.1.0.tgz",
			"integrity": "sha512-Io1zA2yOA1YJslkr+AJlWSf2yWFkKjvkcL9Ni1XSUqnGLr/qRQe2UI3Cn/J9MsJht7yEVCe0SscY1HgVMujbgg=="
		},
		"hoek": {
			"version": "2.16.3",
			"resolved": "https://registry.npmjs.org/hoek/-/hoek-2.16.3.tgz",
			"integrity": "sha1-ILt0A9POo5jpHcRxCo/xuCdKJe0="
		},
		"hpkp": {
			"version": "2.0.0",
			"resolved": "https://registry.npmjs.org/hpkp/-/hpkp-2.0.0.tgz",
			"integrity": "sha1-EOFCJk52IVpdMMROxD3mTe5tFnI="
		},
		"hsts": {
			"version": "2.2.0",
			"resolved": "https://registry.npmjs.org/hsts/-/hsts-2.2.0.tgz",
			"integrity": "sha512-ToaTnQ2TbJkochoVcdXYm4HOCliNozlviNsg+X2XQLQvZNI/kCHR9rZxVYpJB3UPcHz80PgxRyWQ7PdU1r+VBQ==",
			"requires": {
				"depd": "2.0.0"
			},
			"dependencies": {
				"depd": {
					"version": "2.0.0",
					"resolved": "https://registry.npmjs.org/depd/-/depd-2.0.0.tgz",
					"integrity": "sha512-g7nH6P6dyDioJogAAGprGpCtVImJhpPk/roCzdb3fIh61/s/nPsfR6onyMwkCAR/OlC3yBC0lESvUoQEAssIrw=="
				}
			}
		},
		"http-errors": {
			"version": "1.7.2",
			"resolved": "https://registry.npmjs.org/http-errors/-/http-errors-1.7.2.tgz",
			"integrity": "sha512-uUQBt3H/cSIVfch6i1EuPNy/YsRSOUBXTVfZ+yR7Zjez3qjBz6i9+i4zjNaoqcoFVI4lQJ5plg63TvGfRSDCRg==",
			"requires": {
				"depd": "~1.1.2",
				"inherits": "2.0.3",
				"setprototypeof": "1.1.1",
				"statuses": ">= 1.5.0 < 2",
				"toidentifier": "1.0.0"
			},
			"dependencies": {
				"inherits": {
					"version": "2.0.3",
					"resolved": "https://registry.npmjs.org/inherits/-/inherits-2.0.3.tgz",
					"integrity": "sha1-Yzwsg+PaQqUC9SRmAiSA9CCCYd4="
				}
			}
		},
		"http-signature": {
			"version": "1.1.1",
			"resolved": "https://registry.npmjs.org/http-signature/-/http-signature-1.1.1.tgz",
			"integrity": "sha1-33LiZwZs0Kxn+3at+OE0qPvPkb8=",
			"requires": {
				"assert-plus": "^0.2.0",
				"jsprim": "^1.2.2",
				"sshpk": "^1.7.0"
			}
		},
		"iconv-lite": {
			"version": "0.4.24",
			"resolved": "https://registry.npmjs.org/iconv-lite/-/iconv-lite-0.4.24.tgz",
			"integrity": "sha512-v3MXnZAcvnywkTUEZomIActle7RXXeedOR31wwl7VlyoXO4Qi9arvSenNQWne1TcRwhCL1HwLI21bEqdpj8/rA==",
			"requires": {
				"safer-buffer": ">= 2.1.2 < 3"
			}
		},
		"ienoopen": {
			"version": "1.1.0",
			"resolved": "https://registry.npmjs.org/ienoopen/-/ienoopen-1.1.0.tgz",
			"integrity": "sha512-MFs36e/ca6ohEKtinTJ5VvAJ6oDRAYFdYXweUnGY9L9vcoqFOU4n2ZhmJ0C4z/cwGZ3YIQRSB3XZ1+ghZkY5NQ=="
		},
		"indent-string": {
			"version": "1.2.2",
			"resolved": "https://registry.npmjs.org/indent-string/-/indent-string-1.2.2.tgz",
			"integrity": "sha1-25m8xYPrarux5I3LsZmamGBBy2s=",
			"requires": {
				"get-stdin": "^4.0.1",
				"minimist": "^1.1.0",
				"repeating": "^1.1.0"
			}
		},
		"inherits": {
			"version": "2.0.4",
			"resolved": "https://registry.npmjs.org/inherits/-/inherits-2.0.4.tgz",
			"integrity": "sha512-k/vGaX4/Yla3WzyMCvTQOXYeIHvqOKtnqBduzTHpzpQZzAskKMhZ2K+EnBiSM9zGSoIFeMpXKxa4dYeZIQqewQ=="
		},
		"ipaddr.js": {
			"version": "1.4.0",
			"resolved": "https://registry.npmjs.org/ipaddr.js/-/ipaddr.js-1.4.0.tgz",
			"integrity": "sha1-KWrKh4qCGBbluF0KKFqZvP9FgvA="
		},
		"is-finite": {
			"version": "1.1.0",
			"resolved": "https://registry.npmjs.org/is-finite/-/is-finite-1.1.0.tgz",
			"integrity": "sha512-cdyMtqX/BOqqNBBiKlIVkytNHm49MtMlYyn1zxzvJKWmFMlGzm+ry5BBfYyeY9YmNKbRSo/o7OX9w9ale0wg3w=="
		},
		"is-typedarray": {
			"version": "1.0.0",
			"resolved": "https://registry.npmjs.org/is-typedarray/-/is-typedarray-1.0.0.tgz",
			"integrity": "sha1-5HnICFjfDBsR3dppQPlgEfzaSpo="
		},
		"isarray": {
			"version": "0.0.1",
			"resolved": "https://registry.npmjs.org/isarray/-/isarray-0.0.1.tgz",
			"integrity": "sha1-ihis/Kmo9Bd+Cav8YDiTmwXR7t8="
		},
		"isemail": {
			"version": "1.2.0",
			"resolved": "https://registry.npmjs.org/isemail/-/isemail-1.2.0.tgz",
			"integrity": "sha1-vgPfjMPineTSxd9lASY/H6RZXpo="
		},
		"isstream": {
			"version": "0.1.2",
			"resolved": "https://registry.npmjs.org/isstream/-/isstream-0.1.2.tgz",
			"integrity": "sha1-R+Y/evVa+m+S4VAOaQ64uFKcCZo="
		},
		"joi": {
			"version": "6.10.1",
			"resolved": "https://registry.npmjs.org/joi/-/joi-6.10.1.tgz",
			"integrity": "sha1-TVDDGAeRIgAP5fFq8f+OGRe3fgY=",
			"requires": {
				"hoek": "2.x.x",
				"isemail": "1.x.x",
				"moment": "2.x.x",
				"topo": "1.x.x"
			}
		},
		"js-yaml": {
			"version": "3.7.0",
			"resolved": "https://registry.npmjs.org/js-yaml/-/js-yaml-3.7.0.tgz",
			"integrity": "sha1-XJZ93YN6m/3KXy3oQlOr6KHAO4A=",
			"requires": {
				"argparse": "^1.0.7",
				"esprima": "^2.6.0"
			}
		},
		"jsbn": {
			"version": "0.1.1",
			"resolved": "https://registry.npmjs.org/jsbn/-/jsbn-0.1.1.tgz",
			"integrity": "sha1-peZUwuWi3rXyAdls77yoDA7y9RM="
		},
		"json-schema": {
			"version": "0.2.3",
			"resolved": "https://registry.npmjs.org/json-schema/-/json-schema-0.2.3.tgz",
			"integrity": "sha1-tIDIkuWaLwWVTOcnvT8qTogvnhM="
		},
		"json-stable-stringify": {
			"version": "1.0.1",
			"resolved": "https://registry.npmjs.org/json-stable-stringify/-/json-stable-stringify-1.0.1.tgz",
			"integrity": "sha1-mnWdOcXy/1A/1TAGRu1EX4jE+a8=",
			"requires": {
				"jsonify": "~0.0.0"
			}
		},
		"json-stringify-safe": {
			"version": "5.0.1",
			"resolved": "https://registry.npmjs.org/json-stringify-safe/-/json-stringify-safe-5.0.1.tgz",
			"integrity": "sha1-Epai1Y/UXxmg9s4B1lcB4sc1tus="
		},
		"jsonify": {
			"version": "0.0.0",
			"resolved": "https://registry.npmjs.org/jsonify/-/jsonify-0.0.0.tgz",
			"integrity": "sha1-LHS27kHZPKUbe1qu6PUDYx0lKnM="
		},
		"jsonwebtoken": {
			"version": "7.4.3",
			"resolved": "https://registry.npmjs.org/jsonwebtoken/-/jsonwebtoken-7.4.3.tgz",
			"integrity": "sha1-d/UCHeBYtgWheD+hKD6ZgS5kVjg=",
			"requires": {
				"joi": "^6.10.1",
				"jws": "^3.1.4",
				"lodash.once": "^4.0.0",
				"ms": "^2.0.0",
				"xtend": "^4.0.1"
			}
		},
		"jsprim": {
			"version": "1.4.1",
			"resolved": "https://registry.npmjs.org/jsprim/-/jsprim-1.4.1.tgz",
			"integrity": "sha1-MT5mvB5cwG5Di8G3SZwuXFastqI=",
			"requires": {
				"assert-plus": "1.0.0",
				"extsprintf": "1.3.0",
				"json-schema": "0.2.3",
				"verror": "1.10.0"
			},
			"dependencies": {
				"assert-plus": {
					"version": "1.0.0",
					"resolved": "https://registry.npmjs.org/assert-plus/-/assert-plus-1.0.0.tgz",
					"integrity": "sha1-8S4PPF13sLHN2RRpQuTpbB5N1SU="
				}
			}
		},
		"jwa": {
			"version": "1.4.1",
			"resolved": "https://registry.npmjs.org/jwa/-/jwa-1.4.1.tgz",
			"integrity": "sha512-qiLX/xhEEFKUAJ6FiBMbes3w9ATzyk5W7Hvzpa/SLYdxNtng+gcurvrI7TbACjIXlsJyr05/S1oUhZrc63evQA==",
			"requires": {
				"buffer-equal-constant-time": "1.0.1",
				"ecdsa-sig-formatter": "1.0.11",
				"safe-buffer": "^5.0.1"
			}
		},
		"jws": {
			"version": "3.2.2",
			"resolved": "https://registry.npmjs.org/jws/-/jws-3.2.2.tgz",
			"integrity": "sha512-YHlZCB6lMTllWDtSPHz/ZXTsi8S00usEV6v1tjq8tOUZzw7DpSDWVXjXDre6ed1w/pd495ODpHZYSdkRTsa0HA==",
			"requires": {
				"jwa": "^1.4.1",
				"safe-buffer": "^5.0.1"
			}
		},
		"lodash.once": {
			"version": "4.1.1",
			"resolved": "https://registry.npmjs.org/lodash.once/-/lodash.once-4.1.1.tgz",
			"integrity": "sha1-DdOXEhPHxW34gJd9UEyI+0cal6w="
		},
		"log4js": {
			"version": "1.1.1",
			"resolved": "https://registry.npmjs.org/log4js/-/log4js-1.1.1.tgz",
			"integrity": "sha1-wh0px2BAieTyVYM+f5SzRh3h/0M=",
			"requires": {
				"debug": "^2.2.0",
				"semver": "^5.3.0",
				"streamroller": "^0.4.0"
			}
		},
		"map-obj": {
			"version": "1.0.1",
			"resolved": "https://registry.npmjs.org/map-obj/-/map-obj-1.0.1.tgz",
			"integrity": "sha1-2TPOuSBdgr3PSIb2dCvcK03qFG0="
		},
		"media-typer": {
			"version": "0.3.0",
			"resolved": "https://registry.npmjs.org/media-typer/-/media-typer-0.3.0.tgz",
			"integrity": "sha1-hxDXrwqmJvj/+hzgAWhUUmMlV0g="
		},
		"meow": {
			"version": "2.0.0",
			"resolved": "https://registry.npmjs.org/meow/-/meow-2.0.0.tgz",
			"integrity": "sha1-j1MKjs9dQNP0tN+Tw0cpAPuiqPE=",
			"requires": {
				"camelcase-keys": "^1.0.0",
				"indent-string": "^1.1.0",
				"minimist": "^1.1.0",
				"object-assign": "^1.0.0"
			}
		},
		"merge-descriptors": {
			"version": "1.0.1",
			"resolved": "https://registry.npmjs.org/merge-descriptors/-/merge-descriptors-1.0.1.tgz",
			"integrity": "sha1-sAqqVW3YtEVoFQ7J0blT8/kMu2E="
		},
		"methods": {
			"version": "1.1.2",
			"resolved": "https://registry.npmjs.org/methods/-/methods-1.1.2.tgz",
			"integrity": "sha1-VSmk1nZUE07cxSZmVoNbD4Ua/O4="
		},
		"mime": {
			"version": "1.3.4",
			"resolved": "https://registry.npmjs.org/mime/-/mime-1.3.4.tgz",
			"integrity": "sha1-EV+eO2s9rylZmDyzjxSaLUDrXVM="
		},
		"mime-db": {
			"version": "1.44.0",
			"resolved": "https://registry.npmjs.org/mime-db/-/mime-db-1.44.0.tgz",
			"integrity": "sha512-/NOTfLrsPBVeH7YtFPgsVWveuL+4SjjYxaQ1xtM1KMFj7HdxlBlxeyNLzhyJVx7r4rZGJAZ/6lkKCitSc/Nmpg=="
		},
		"mime-types": {
			"version": "2.1.27",
			"resolved": "https://registry.npmjs.org/mime-types/-/mime-types-2.1.27.tgz",
			"integrity": "sha512-JIhqnCasI9yD+SsmkquHBxTSEuZdQX5BuQnS2Vc7puQQQ+8yiP5AY5uWhpdv4YL4VM5c6iliiYWPgJ/nJQLp7w==",
			"requires": {
				"mime-db": "1.44.0"
			}
		},
		"minimist": {
			"version": "1.2.6",
			"resolved": "https://registry.npmjs.org/minimist/-/minimist-1.2.6.tgz",
			"integrity": "sha512-Jsjnk4bw3YJqYzbdyBiNsPWHPfO++UGG749Cxs6peCu5Xg4nrena6OVxOYxrQTqww0Jmwt+Ref8rggumkTLz9Q=="
		},
		"mkdirp": {
			"version": "0.5.5",
			"resolved": "https://registry.npmjs.org/mkdirp/-/mkdirp-0.5.5.tgz",
			"integrity": "sha512-NKmAlESf6jMGym1++R0Ra7wvhV+wFW63FaSOFPwRahvea0gMUcGUhVeAg/0BC0wiv9ih5NYPB1Wn1UEI1/L+xQ==",
			"requires": {
				"minimist": "^1.2.5"
			}
		},
		"moment": {
			"version": "2.25.3",
			"resolved": "https://registry.npmjs.org/moment/-/moment-2.25.3.tgz",
			"integrity": "sha512-PuYv0PHxZvzc15Sp8ybUCoQ+xpyPWvjOuK72a5ovzp2LI32rJXOiIfyoFoYvG3s6EwwrdkMyWuRiEHSZRLJNdg=="
		},
		"ms": {
			"version": "2.0.0",
			"resolved": "https://registry.npmjs.org/ms/-/ms-2.0.0.tgz",
			"integrity": "sha1-VgiurfwAvmwpAd9fmGF4jeDVl8g="
		},
		"negotiator": {
			"version": "0.6.2",
			"resolved": "https://registry.npmjs.org/negotiator/-/negotiator-0.6.2.tgz",
			"integrity": "sha512-hZXc7K2e+PgeI1eDBe/10Ard4ekbfrrqG8Ep+8Jmf4JID2bNg7NvCPOZN+kfF574pFQI7mum2AUqDidoKqcTOw=="
		},
		"nocache": {
			"version": "2.1.0",
			"resolved": "https://registry.npmjs.org/nocache/-/nocache-2.1.0.tgz",
			"integrity": "sha512-0L9FvHG3nfnnmaEQPjT9xhfN4ISk0A8/2j4M37Np4mcDesJjHgEUfgPhdCyZuFI954tjokaIj/A3NdpFNdEh4Q=="
		},
		"oauth-sign": {
			"version": "0.8.2",
			"resolved": "https://registry.npmjs.org/oauth-sign/-/oauth-sign-0.8.2.tgz",
			"integrity": "sha1-Rqarfwrq2N6unsBWV4C31O/rnUM="
		},
		"object-assign": {
			"version": "1.0.0",
			"resolved": "https://registry.npmjs.org/object-assign/-/object-assign-1.0.0.tgz",
			"integrity": "sha1-5l3Idm07R7S4MHRlyDEdoDCwcKY="
		},
		"on-finished": {
			"version": "2.3.0",
			"resolved": "https://registry.npmjs.org/on-finished/-/on-finished-2.3.0.tgz",
			"integrity": "sha1-IPEzZIGwg811M3mSoWlxqi2QaUc=",
			"requires": {
				"ee-first": "1.1.1"
			}
		},
		"on-headers": {
			"version": "1.0.2",
			"resolved": "https://registry.npmjs.org/on-headers/-/on-headers-1.0.2.tgz",
			"integrity": "sha512-pZAE+FJLoyITytdqK0U5s+FIpjN0JP3OzFi/u8Rx+EV5/W+JTWGXG8xFzevE7AjBfDqHv/8vL8qQsIhHnqRkrA=="
		},
		"parseurl": {
			"version": "1.3.3",
			"resolved": "https://registry.npmjs.org/parseurl/-/parseurl-1.3.3.tgz",
			"integrity": "sha512-CiyeOxFT/JZyN5m0z9PfXw4SCBJ6Sygz1Dpl0wqjlhDEGGBP1GnsUVEL0p63hoG1fcj3fHynXi9NYO4nWOL+qQ=="
		},
		"passport": {
			"version": "0.3.2",
			"resolved": "https://registry.npmjs.org/passport/-/passport-0.3.2.tgz",
			"integrity": "sha1-ndAJ+RXo/glbASSgG4+C2gdRAQI=",
			"requires": {
				"passport-strategy": "1.x.x",
				"pause": "0.0.1"
			}
		},
		"passport-strategy": {
			"version": "1.0.0",
			"resolved": "https://registry.npmjs.org/passport-strategy/-/passport-strategy-1.0.0.tgz",
			"integrity": "sha1-tVOaqPwiWj0a0XlHbd8ja0QPUuQ="
		},
		"path-to-regexp": {
			"version": "0.1.7",
			"resolved": "https://registry.npmjs.org/path-to-regexp/-/path-to-regexp-0.1.7.tgz",
			"integrity": "sha1-32BBeABfUi8V60SQ5yR6G/qmf4w="
		},
		"pause": {
			"version": "0.0.1",
			"resolved": "https://registry.npmjs.org/pause/-/pause-0.0.1.tgz",
			"integrity": "sha1-HUCLP9t2kjuVQ9lvtMnf1TXZy10="
		},
		"performance-now": {
			"version": "0.2.0",
			"resolved": "https://registry.npmjs.org/performance-now/-/performance-now-0.2.0.tgz",
			"integrity": "sha1-M+8wxcd9TqIcWlOGnZG1bY8lVeU="
		},
		"ports": {
			"version": "1.1.0",
			"resolved": "https://registry.npmjs.org/ports/-/ports-1.1.0.tgz",
			"integrity": "sha1-twGqKF6V2ujJbNonUhdySh9/bGA="
		},
		"proxy-addr": {
			"version": "1.1.5",
			"resolved": "https://registry.npmjs.org/proxy-addr/-/proxy-addr-1.1.5.tgz",
			"integrity": "sha1-ccDuOxAt4/IC87ZPYI0XP8uhqRg=",
			"requires": {
				"forwarded": "~0.1.0",
				"ipaddr.js": "1.4.0"
			}
		},
		"punycode": {
			"version": "1.4.1",
			"resolved": "https://registry.npmjs.org/punycode/-/punycode-1.4.1.tgz",
			"integrity": "sha1-wNWmOycYgArY4esPpSachN1BhF4="
		},
		"q": {
			"version": "1.5.1",
			"resolved": "https://registry.npmjs.org/q/-/q-1.5.1.tgz",
			"integrity": "sha1-fjL3W0E4EpHQRhHxvxQQmsAGUdc="
		},
		"qs": {
			"version": "6.7.0",
			"resolved": "https://registry.npmjs.org/qs/-/qs-6.7.0.tgz",
			"integrity": "sha512-VCdBRNFTX1fyE7Nb6FYoURo/SPe62QCaAyzJvUjwRaIsc+NePBEniHlvxFmmX56+HZphIGtV0XeCirBtpDrTyQ=="
		},
		"random-bytes": {
			"version": "1.0.0",
			"resolved": "https://registry.npmjs.org/random-bytes/-/random-bytes-1.0.0.tgz",
			"integrity": "sha1-T2ih3Arli9P7lYSMMDJNt11kNgs="
		},
		"range-parser": {
			"version": "1.2.1",
			"resolved": "https://registry.npmjs.org/range-parser/-/range-parser-1.2.1.tgz",
			"integrity": "sha512-Hrgsx+orqoygnmhFbKaHE6c296J+HTAQXoxEF6gNupROmmGJRoyzfG3ccAveqCBrwr/2yxQ5BVd/GTl5agOwSg=="
		},
		"raw-body": {
			"version": "2.4.0",
			"resolved": "https://registry.npmjs.org/raw-body/-/raw-body-2.4.0.tgz",
			"integrity": "sha512-4Oz8DUIwdvoa5qMJelxipzi/iJIi40O5cGV1wNYp5hvZP8ZN0T+jiNkL0QepXs+EsQ9XJ8ipEDoiH70ySUJP3Q==",
			"requires": {
				"bytes": "3.1.0",
				"http-errors": "1.7.2",
				"iconv-lite": "0.4.24",
				"unpipe": "1.0.0"
			}
		},
		"readable-stream": {
			"version": "1.1.14",
			"resolved": "https://registry.npmjs.org/readable-stream/-/readable-stream-1.1.14.tgz",
			"integrity": "sha1-fPTFTvZI44EwhMY23SB54WbAgdk=",
			"requires": {
				"core-util-is": "~1.0.0",
				"inherits": "~2.0.1",
				"isarray": "0.0.1",
				"string_decoder": "~0.10.x"
			}
		},
		"referrer-policy": {
			"version": "1.2.0",
			"resolved": "https://registry.npmjs.org/referrer-policy/-/referrer-policy-1.2.0.tgz",
			"integrity": "sha512-LgQJIuS6nAy1Jd88DCQRemyE3mS+ispwlqMk3b0yjZ257fI1v9c+/p6SD5gP5FGyXUIgrNOAfmyioHwZtYv2VA=="
		},
		"repeating": {
			"version": "1.1.3",
			"resolved": "https://registry.npmjs.org/repeating/-/repeating-1.1.3.tgz",
			"integrity": "sha1-PUEUIYh3U3SU+X93+Xhfq4EPpKw=",
			"requires": {
				"is-finite": "^1.0.0"
			}
		},
		"request": {
			"version": "2.81.0",
			"resolved": "https://registry.npmjs.org/request/-/request-2.81.0.tgz",
			"integrity": "sha1-xpKJRqDgbF+Nb4qTM0af/aRimKA=",
			"requires": {
				"aws-sign2": "~0.6.0",
				"aws4": "^1.2.1",
				"caseless": "~0.12.0",
				"combined-stream": "~1.0.5",
				"extend": "~3.0.0",
				"forever-agent": "~0.6.1",
				"form-data": "~2.1.1",
				"har-validator": "~4.2.1",
				"hawk": "~3.1.3",
				"http-signature": "~1.1.0",
				"is-typedarray": "~1.0.0",
				"isstream": "~0.1.2",
				"json-stringify-safe": "~5.0.1",
				"mime-types": "~2.1.7",
				"oauth-sign": "~0.8.1",
				"performance-now": "^0.2.0",
				"qs": "~6.4.0",
				"safe-buffer": "^5.0.1",
				"stringstream": "~0.0.4",
				"tough-cookie": "~2.3.0",
				"tunnel-agent": "^0.6.0",
				"uuid": "^3.0.0"
			},
			"dependencies": {
				"qs": {
					"version": "6.4.0",
					"resolved": "https://registry.npmjs.org/qs/-/qs-6.4.0.tgz",
					"integrity": "sha1-E+JtKK1rD/qpExLNO/cI7TUecjM="
				}
			}
		},
		"rsa-pem-from-mod-exp": {
			"version": "0.8.4",
			"resolved": "https://registry.npmjs.org/rsa-pem-from-mod-exp/-/rsa-pem-from-mod-exp-0.8.4.tgz",
			"integrity": "sha1-NipCxtMEBW1JOz8SvOq7LGV2ptQ="
		},
		"safe-buffer": {
			"version": "5.2.0",
			"resolved": "https://registry.npmjs.org/safe-buffer/-/safe-buffer-5.2.0.tgz",
			"integrity": "sha512-fZEwUGbVl7kouZs1jCdMLdt95hdIv0ZeHg6L7qPeciMZhZ+/gdesW4wgTARkrFWEpspjEATAzUGPG8N2jJiwbg=="
		},
		"safer-buffer": {
			"version": "2.1.2",
			"resolved": "https://registry.npmjs.org/safer-buffer/-/safer-buffer-2.1.2.tgz",
			"integrity": "sha512-YZo3K82SD7Riyi0E1EQPojLz7kpepnSQI9IyPbHHg1XXXevb5dJI7tpyN2ADxGcQbHG7vcyRHk0cbwqcQriUtg=="
		},
		"semver": {
			"version": "5.7.1",
			"resolved": "https://registry.npmjs.org/semver/-/semver-5.7.1.tgz",
			"integrity": "sha512-sauaDf/PZdVgrLTNYHRtpXa1iRiKcaebiKQ1BJdpQlWH2lCvexQdX55snPFyK7QzpudqbCI0qXFfOasHdyNDGQ=="
		},
		"send": {
			"version": "0.15.6",
			"resolved": "https://registry.npmjs.org/send/-/send-0.15.6.tgz",
			"integrity": "sha1-IPI6nJJbdiq4JwX+L52yUqzkfjQ=",
			"requires": {
				"debug": "2.6.9",
				"depd": "~1.1.1",
				"destroy": "~1.0.4",
				"encodeurl": "~1.0.1",
				"escape-html": "~1.0.3",
				"etag": "~1.8.1",
				"fresh": "0.5.2",
				"http-errors": "~1.6.2",
				"mime": "1.3.4",
				"ms": "2.0.0",
				"on-finished": "~2.3.0",
				"range-parser": "~1.2.0",
				"statuses": "~1.3.1"
			},
			"dependencies": {
				"http-errors": {
					"version": "1.6.3",
					"resolved": "https://registry.npmjs.org/http-errors/-/http-errors-1.6.3.tgz",
					"integrity": "sha1-i1VoC7S+KDoLW/TqLjhYC+HZMg0=",
					"requires": {
						"depd": "~1.1.2",
						"inherits": "2.0.3",
						"setprototypeof": "1.1.0",
						"statuses": ">= 1.4.0 < 2"
					},
					"dependencies": {
						"statuses": {
							"version": "1.5.0",
							"resolved": "https://registry.npmjs.org/statuses/-/statuses-1.5.0.tgz",
							"integrity": "sha1-Fhx9rBd2Wf2YEfQ3cfqZOBR4Yow="
						}
					}
				},
				"inherits": {
					"version": "2.0.3",
					"resolved": "https://registry.npmjs.org/inherits/-/inherits-2.0.3.tgz",
					"integrity": "sha1-Yzwsg+PaQqUC9SRmAiSA9CCCYd4="
				},
				"setprototypeof": {
					"version": "1.1.0",
					"resolved": "https://registry.npmjs.org/setprototypeof/-/setprototypeof-1.1.0.tgz",
					"integrity": "sha512-BvE/TwpZX4FXExxOxZyRGQQv651MSwmWKZGqvmPcRIjDqWub67kTKuIMx43cZZrS/cBBzwBcNDWoFxt2XEFIpQ=="
				},
				"statuses": {
					"version": "1.3.1",
					"resolved": "https://registry.npmjs.org/statuses/-/statuses-1.3.1.tgz",
					"integrity": "sha1-+vUbnrdKrvOzrPStX2Gr8ky3uT4="
				}
			}
		},
		"serve-static": {
			"version": "1.12.6",
			"resolved": "https://registry.npmjs.org/serve-static/-/serve-static-1.12.6.tgz",
			"integrity": "sha1-uXN3P2NEmTTaVOW+ul4x2fQhFXc=",
			"requires": {
				"encodeurl": "~1.0.1",
				"escape-html": "~1.0.3",
				"parseurl": "~1.3.2",
				"send": "0.15.6"
			}
		},
		"setprototypeof": {
			"version": "1.1.1",
			"resolved": "https://registry.npmjs.org/setprototypeof/-/setprototypeof-1.1.1.tgz",
			"integrity": "sha512-JvdAWfbXeIGaZ9cILp38HntZSFSo3mWg6xGcJJsd+d4aRMOqauag1C63dJfDw7OaMYwEbHMOxEZ1lqVRYP2OAw=="
		},
		"sntp": {
			"version": "1.0.9",
			"resolved": "https://registry.npmjs.org/sntp/-/sntp-1.0.9.tgz",
			"integrity": "sha1-ZUEYTMkK7qbG57NeJlkIJEPGYZg=",
			"requires": {
				"hoek": "2.x.x"
			}
		},
		"sprintf-js": {
			"version": "1.0.3",
			"resolved": "https://registry.npmjs.org/sprintf-js/-/sprintf-js-1.0.3.tgz",
			"integrity": "sha1-BOaSb2YolTVPPdAVIDYzuFcpfiw="
		},
		"sshpk": {
			"version": "1.16.1",
			"resolved": "https://registry.npmjs.org/sshpk/-/sshpk-1.16.1.tgz",
			"integrity": "sha512-HXXqVUq7+pcKeLqqZj6mHFUMvXtOJt1uoUx09pFW6011inTMxqI8BA8PM95myrIyyKwdnzjdFjLiE6KBPVtJIg==",
			"requires": {
				"asn1": "~0.2.3",
				"assert-plus": "^1.0.0",
				"bcrypt-pbkdf": "^1.0.0",
				"dashdash": "^1.12.0",
				"ecc-jsbn": "~0.1.1",
				"getpass": "^0.1.1",
				"jsbn": "~0.1.0",
				"safer-buffer": "^2.0.2",
				"tweetnacl": "~0.14.0"
			},
			"dependencies": {
				"assert-plus": {
					"version": "1.0.0",
					"resolved": "https://registry.npmjs.org/assert-plus/-/assert-plus-1.0.0.tgz",
					"integrity": "sha1-8S4PPF13sLHN2RRpQuTpbB5N1SU="
				}
			}
		},
		"statuses": {
			"version": "1.5.0",
			"resolved": "https://registry.npmjs.org/statuses/-/statuses-1.5.0.tgz",
			"integrity": "sha1-Fhx9rBd2Wf2YEfQ3cfqZOBR4Yow="
		},
		"streamroller": {
			"version": "0.4.1",
			"resolved": "https://registry.npmjs.org/streamroller/-/streamroller-0.4.1.tgz",
			"integrity": "sha1-1DW9WXQ3Or2b2QaDWVEwhRBswF8=",
			"requires": {
				"date-format": "^0.0.0",
				"debug": "^0.7.2",
				"mkdirp": "^0.5.1",
				"readable-stream": "^1.1.7"
			},
			"dependencies": {
				"debug": {
					"version": "0.7.4",
					"resolved": "https://registry.npmjs.org/debug/-/debug-0.7.4.tgz",
					"integrity": "sha1-BuHqgILCyxTjmAbiLi9vdX+Srzk="
				}
			}
		},
		"string_decoder": {
			"version": "0.10.31",
			"resolved": "https://registry.npmjs.org/string_decoder/-/string_decoder-0.10.31.tgz",
			"integrity": "sha1-YuIDvEF2bGwoyfyEMB2rHFMQ+pQ="
		},
		"stringstream": {
			"version": "0.0.6",
			"resolved": "https://registry.npmjs.org/stringstream/-/stringstream-0.0.6.tgz",
			"integrity": "sha512-87GEBAkegbBcweToUrdzf3eLhWNg06FJTebl4BVJz/JgWy8CvEr9dRtX5qWphiynMSQlxxi+QqN0z5T32SLlhA=="
		},
		"toidentifier": {
			"version": "1.0.0",
			"resolved": "https://registry.npmjs.org/toidentifier/-/toidentifier-1.0.0.tgz",
			"integrity": "sha512-yaOH/Pk/VEhBWWTlhI+qXxDFXlejDGcQipMlyxda9nthulaxLZUNcUqFxokp0vcYnvteJln5FNQDRrxj3YcbVw=="
		},
		"topo": {
			"version": "1.1.0",
			"resolved": "https://registry.npmjs.org/topo/-/topo-1.1.0.tgz",
			"integrity": "sha1-6ddRYV0buH3IZdsYL6HKCl71NtU=",
			"requires": {
				"hoek": "2.x.x"
			}
		},
		"tough-cookie": {
			"version": "2.3.4",
			"resolved": "https://registry.npmjs.org/tough-cookie/-/tough-cookie-2.3.4.tgz",
			"integrity": "sha512-TZ6TTfI5NtZnuyy/Kecv+CnoROnyXn2DN97LontgQpCwsX2XyLYCC0ENhYkehSOwAp8rTQKc/NUIF7BkQ5rKLA==",
			"requires": {
				"punycode": "^1.4.1"
			}
		},
		"tunnel-agent": {
			"version": "0.6.0",
			"resolved": "https://registry.npmjs.org/tunnel-agent/-/tunnel-agent-0.6.0.tgz",
			"integrity": "sha1-J6XeoGs2sEoKmWZ3SykIaPD8QP0=",
			"requires": {
				"safe-buffer": "^5.0.1"
			}
		},
		"tweetnacl": {
			"version": "0.14.5",
			"resolved": "https://registry.npmjs.org/tweetnacl/-/tweetnacl-0.14.5.tgz",
			"integrity": "sha1-WuaBd/GS1EViadEIr6k/+HQ/T2Q="
		},
		"type-is": {
			"version": "1.6.18",
			"resolved": "https://registry.npmjs.org/type-is/-/type-is-1.6.18.tgz",
			"integrity": "sha512-TkRKr9sUTxEH8MdfuCSP7VizJyzRNMjj2J2do2Jr3Kym598JVdEksuzPQCnlFPW4ky9Q+iA+ma9BGm06XQBy8g==",
			"requires": {
				"media-typer": "0.3.0",
				"mime-types": "~2.1.24"
			}
		},
		"typedarray": {
			"version": "0.0.6",
			"resolved": "https://registry.npmjs.org/typedarray/-/typedarray-0.0.6.tgz",
			"integrity": "sha1-hnrHTjhkGHsdPUfZlqeOxciDB3c="
		},
		"uid-safe": {
			"version": "2.1.5",
			"resolved": "https://registry.npmjs.org/uid-safe/-/uid-safe-2.1.5.tgz",
			"integrity": "sha512-KPHm4VL5dDXKz01UuEd88Df+KzynaohSL9fBh096KWAxSKZQDI2uBrVqtvRM4rwrIrRRKsdLNML/lnaaVSRioA==",
			"requires": {
				"random-bytes": "~1.0.0"
			}
		},
		"underscore": {
			"version": "1.10.2",
			"resolved": "https://registry.npmjs.org/underscore/-/underscore-1.10.2.tgz",
			"integrity": "sha512-N4P+Q/BuyuEKFJ43B9gYuOj4TQUHXX+j2FqguVOpjkssLUUrnJofCcBccJSCoeturDoZU6GorDTHSvUDlSQbTg=="
		},
		"unpipe": {
			"version": "1.0.0",
			"resolved": "https://registry.npmjs.org/unpipe/-/unpipe-1.0.0.tgz",
			"integrity": "sha1-sr9O6FFKrmFltIF4KdIbLvSZBOw="
		},
		"utils-merge": {
			"version": "1.0.0",
			"resolved": "https://registry.npmjs.org/utils-merge/-/utils-merge-1.0.0.tgz",
			"integrity": "sha1-ApT7kiu5N1FTVBxPcJYjHyh8ivg="
		},
		"uuid": {
			"version": "3.4.0",
			"resolved": "https://registry.npmjs.org/uuid/-/uuid-3.4.0.tgz",
			"integrity": "sha512-HjSDRw6gZE5JMggctHBcjVak08+KEVhSIiDzFnT9S9aegmp85S/bReBVTb4QTFaRNptJ9kuYaNhnbNEOkbKb/A=="
		},
		"vary": {
			"version": "1.1.2",
			"resolved": "https://registry.npmjs.org/vary/-/vary-1.1.2.tgz",
			"integrity": "sha1-IpnwLG3tMNSllhsLn3RSShj2NPw="
		},
		"verror": {
			"version": "1.10.0",
			"resolved": "https://registry.npmjs.org/verror/-/verror-1.10.0.tgz",
			"integrity": "sha1-OhBcoXBTr1XW4nDB+CiGguGNpAA=",
			"requires": {
				"assert-plus": "^1.0.0",
				"core-util-is": "1.0.2",
				"extsprintf": "^1.2.0"
			},
			"dependencies": {
				"assert-plus": {
					"version": "1.0.0",
					"resolved": "https://registry.npmjs.org/assert-plus/-/assert-plus-1.0.0.tgz",
					"integrity": "sha1-8S4PPF13sLHN2RRpQuTpbB5N1SU="
				}
			}
		},
		"x-xss-protection": {
			"version": "1.3.0",
			"resolved": "https://registry.npmjs.org/x-xss-protection/-/x-xss-protection-1.3.0.tgz",
			"integrity": "sha512-kpyBI9TlVipZO4diReZMAHWtS0MMa/7Kgx8hwG/EuZLiA6sg4Ah/4TRdASHhRRN3boobzcYgFRUFSgHRge6Qhg=="
		},
		"xtend": {
			"version": "4.0.2",
			"resolved": "https://registry.npmjs.org/xtend/-/xtend-4.0.2.tgz",
			"integrity": "sha512-LKYU1iAXJXUgAXn9URjiu+MWhyUXHsvfp7mcuYm9dSUKK0/CjtrUwFAxD82/mCWbtLsGjFIad0wIsod4zrTAEQ=="
		}
	}
}
